// !$*UTF8*$!
{
	archiveVersion = 1;
	classes = {
	};
	objectVersion = 56;
	objects = {

/* Begin PBXBuildFile section */
		6891A2EE2C550ADD00450EC4 /* MovieDatabaseNetworkService.swift in Sources */ = {isa = PBXBuildFile; fileRef = 6891A2ED2C550ADD00450EC4 /* MovieDatabaseNetworkService.swift */; };
		6891A2F02C5510E100450EC4 /* UIViewController+Additions.swift in Sources */ = {isa = PBXBuildFile; fileRef = 6891A2EF2C5510E100450EC4 /* UIViewController+Additions.swift */; };
		68BD063F2C53B02900A43E4B /* AppDelegate.swift in Sources */ = {isa = PBXBuildFile; fileRef = 68BD063E2C53B02900A43E4B /* AppDelegate.swift */; };
		68BD06412C53B02900A43E4B /* SceneDelegate.swift in Sources */ = {isa = PBXBuildFile; fileRef = 68BD06402C53B02900A43E4B /* SceneDelegate.swift */; };
		68BD06462C53B02900A43E4B /* Base in Resources */ = {isa = PBXBuildFile; fileRef = 68BD06452C53B02900A43E4B /* Base */; };
		68BD06482C53B02E00A43E4B /* Assets.xcassets in Resources */ = {isa = PBXBuildFile; fileRef = 68BD06472C53B02E00A43E4B /* Assets.xcassets */; };
		68BD064B2C53B02E00A43E4B /* Base in Resources */ = {isa = PBXBuildFile; fileRef = 68BD064A2C53B02E00A43E4B /* Base */; };
		68BD06562C53B02F00A43E4B /* MovieDatabaseTests.swift in Sources */ = {isa = PBXBuildFile; fileRef = 68BD06552C53B02F00A43E4B /* MovieDatabaseTests.swift */; };
		68BD06602C53B02F00A43E4B /* MovieDatabaseUITests.swift in Sources */ = {isa = PBXBuildFile; fileRef = 68BD065F2C53B02F00A43E4B /* MovieDatabaseUITests.swift */; };
		68BD06622C53B02F00A43E4B /* MovieDatabaseUITestsLaunchTests.swift in Sources */ = {isa = PBXBuildFile; fileRef = 68BD06612C53B02F00A43E4B /* MovieDatabaseUITestsLaunchTests.swift */; };
		68BD06702C53B08000A43E4B /* MovieDatabaseViewController.swift in Sources */ = {isa = PBXBuildFile; fileRef = 68BD066F2C53B08000A43E4B /* MovieDatabaseViewController.swift */; };
		68BD06732C53B19300A43E4B /* movies.json in Resources */ = {isa = PBXBuildFile; fileRef = 68BD06722C53B13500A43E4B /* movies.json */; };
		68BD06752C53B25D00A43E4B /* MovieDatabaseModelController.swift in Sources */ = {isa = PBXBuildFile; fileRef = 68BD06742C53B25D00A43E4B /* MovieDatabaseModelController.swift */; };
		68BD06782C53B3F100A43E4B /* MovieViewModel.swift in Sources */ = {isa = PBXBuildFile; fileRef = 68BD06772C53B3F100A43E4B /* MovieViewModel.swift */; };
		68BD067B2C53B44000A43E4B /* Movie.swift in Sources */ = {isa = PBXBuildFile; fileRef = 68BD067A2C53B44000A43E4B /* Movie.swift */; };
		68BD06802C53B6DD00A43E4B /* MovieTableViewCell.swift in Sources */ = {isa = PBXBuildFile; fileRef = 68BD067E2C53B6DD00A43E4B /* MovieTableViewCell.swift */; };
		68BD06812C53B6DD00A43E4B /* MovieTableViewCell.xib in Resources */ = {isa = PBXBuildFile; fileRef = 68BD067F2C53B6DD00A43E4B /* MovieTableViewCell.xib */; };
		68BD06842C53C20700A43E4B /* MovieFilterOptionTableViewCell.swift in Sources */ = {isa = PBXBuildFile; fileRef = 68BD06822C53C20700A43E4B /* MovieFilterOptionTableViewCell.swift */; };
		68BD06852C53C20700A43E4B /* MovieFilterOptionTableViewCell.xib in Resources */ = {isa = PBXBuildFile; fileRef = 68BD06832C53C20700A43E4B /* MovieFilterOptionTableViewCell.xib */; };
		68BD06872C53C74400A43E4B /* MovieSectionHeaderView.swift in Sources */ = {isa = PBXBuildFile; fileRef = 68BD06862C53C74400A43E4B /* MovieSectionHeaderView.swift */; };
		68BD068B2C53E28400A43E4B /* MovieSectionHeaderView.xib in Resources */ = {isa = PBXBuildFile; fileRef = 68BD068A2C53E28300A43E4B /* MovieSectionHeaderView.xib */; };
		68F424C92C542ECF00B6D73A /* String+Additions.swift in Sources */ = {isa = PBXBuildFile; fileRef = 68F424C82C542ECF00B6D73A /* String+Additions.swift */; };
		68F424D22C54389900B6D73A /* MovieListViewController.xib in Resources */ = {isa = PBXBuildFile; fileRef = 68F424D12C54389900B6D73A /* MovieListViewController.xib */; };
		68F424D32C54389900B6D73A /* MovieListViewController.swift in Sources */ = {isa = PBXBuildFile; fileRef = 68F424D02C54389900B6D73A /* MovieListViewController.swift */; };
		68F424D52C5438B600B6D73A /* MovieListModelController.swift in Sources */ = {isa = PBXBuildFile; fileRef = 68F424D42C5438B600B6D73A /* MovieListModelController.swift */; };
		68F424D72C543AC500B6D73A /* NSObject+Additions.swift in Sources */ = {isa = PBXBuildFile; fileRef = 68F424D62C543AC400B6D73A /* NSObject+Additions.swift */; };
		68F424DD2C5445AB00B6D73A /* MovieDetailsViewController.swift in Sources */ = {isa = PBXBuildFile; fileRef = 68F424DB2C5445AB00B6D73A /* MovieDetailsViewController.swift */; };
		68F424DE2C5445AB00B6D73A /* MovieDetailsViewController.xib in Resources */ = {isa = PBXBuildFile; fileRef = 68F424DC2C5445AB00B6D73A /* MovieDetailsViewController.xib */; };
		68F424E02C54519900B6D73A /* UIImageView+Additions.swift in Sources */ = {isa = PBXBuildFile; fileRef = 68F424DF2C54519900B6D73A /* UIImageView+Additions.swift */; };
		68F424E22C54593200B6D73A /* MovieDatabaseDelegate.swift in Sources */ = {isa = PBXBuildFile; fileRef = 68F424E12C54593200B6D73A /* MovieDatabaseDelegate.swift */; };
		68F424E42C545AB000B6D73A /* RatingView.swift in Sources */ = {isa = PBXBuildFile; fileRef = 68F424E32C545AB000B6D73A /* RatingView.swift */; };
/* End PBXBuildFile section */

/* Begin PBXContainerItemProxy section */
		68BD06522C53B02F00A43E4B /* PBXContainerItemProxy */ = {
			isa = PBXContainerItemProxy;
			containerPortal = 68BD06332C53B02900A43E4B /* Project object */;
			proxyType = 1;
			remoteGlobalIDString = 68BD063A2C53B02900A43E4B;
			remoteInfo = MovieDatabase;
		};
		68BD065C2C53B02F00A43E4B /* PBXContainerItemProxy */ = {
			isa = PBXContainerItemProxy;
			containerPortal = 68BD06332C53B02900A43E4B /* Project object */;
			proxyType = 1;
			remoteGlobalIDString = 68BD063A2C53B02900A43E4B;
			remoteInfo = MovieDatabase;
		};
/* End PBXContainerItemProxy section */

/* Begin PBXFileReference section */
		6891A2ED2C550ADD00450EC4 /* MovieDatabaseNetworkService.swift */ = {isa = PBXFileReference; lastKnownFileType = sourcecode.swift; path = MovieDatabaseNetworkService.swift; sourceTree = "<group>"; };
		6891A2EF2C5510E100450EC4 /* UIViewController+Additions.swift */ = {isa = PBXFileReference; lastKnownFileType = sourcecode.swift; path = "UIViewController+Additions.swift"; sourceTree = "<group>"; };
		68BD063B2C53B02900A43E4B /* MovieDatabase.app */ = {isa = PBXFileReference; explicitFileType = wrapper.application; includeInIndex = 0; path = MovieDatabase.app; sourceTree = BUILT_PRODUCTS_DIR; };
		68BD063E2C53B02900A43E4B /* AppDelegate.swift */ = {isa = PBXFileReference; lastKnownFileType = sourcecode.swift; path = AppDelegate.swift; sourceTree = "<group>"; };
		68BD06402C53B02900A43E4B /* SceneDelegate.swift */ = {isa = PBXFileReference; lastKnownFileType = sourcecode.swift; path = SceneDelegate.swift; sourceTree = "<group>"; };
		68BD06452C53B02900A43E4B /* Base */ = {isa = PBXFileReference; lastKnownFileType = file.storyboard; name = Base; path = Base.lproj/Main.storyboard; sourceTree = "<group>"; };
		68BD06472C53B02E00A43E4B /* Assets.xcassets */ = {isa = PBXFileReference; lastKnownFileType = folder.assetcatalog; path = Assets.xcassets; sourceTree = "<group>"; };
		68BD064A2C53B02E00A43E4B /* Base */ = {isa = PBXFileReference; lastKnownFileType = file.storyboard; name = Base; path = Base.lproj/LaunchScreen.storyboard; sourceTree = "<group>"; };
		68BD064C2C53B02E00A43E4B /* Info.plist */ = {isa = PBXFileReference; lastKnownFileType = text.plist.xml; path = Info.plist; sourceTree = "<group>"; };
		68BD06512C53B02F00A43E4B /* MovieDatabaseTests.xctest */ = {isa = PBXFileReference; explicitFileType = wrapper.cfbundle; includeInIndex = 0; path = MovieDatabaseTests.xctest; sourceTree = BUILT_PRODUCTS_DIR; };
		68BD06552C53B02F00A43E4B /* MovieDatabaseTests.swift */ = {isa = PBXFileReference; lastKnownFileType = sourcecode.swift; path = MovieDatabaseTests.swift; sourceTree = "<group>"; };
		68BD065B2C53B02F00A43E4B /* MovieDatabaseUITests.xctest */ = {isa = PBXFileReference; explicitFileType = wrapper.cfbundle; includeInIndex = 0; path = MovieDatabaseUITests.xctest; sourceTree = BUILT_PRODUCTS_DIR; };
		68BD065F2C53B02F00A43E4B /* MovieDatabaseUITests.swift */ = {isa = PBXFileReference; lastKnownFileType = sourcecode.swift; path = MovieDatabaseUITests.swift; sourceTree = "<group>"; };
		68BD06612C53B02F00A43E4B /* MovieDatabaseUITestsLaunchTests.swift */ = {isa = PBXFileReference; lastKnownFileType = sourcecode.swift; path = MovieDatabaseUITestsLaunchTests.swift; sourceTree = "<group>"; };
		68BD066F2C53B08000A43E4B /* MovieDatabaseViewController.swift */ = {isa = PBXFileReference; lastKnownFileType = sourcecode.swift; path = MovieDatabaseViewController.swift; sourceTree = "<group>"; };
		68BD06722C53B13500A43E4B /* movies.json */ = {isa = PBXFileReference; lastKnownFileType = text.json; path = movies.json; sourceTree = "<group>"; };
		68BD06742C53B25D00A43E4B /* MovieDatabaseModelController.swift */ = {isa = PBXFileReference; lastKnownFileType = sourcecode.swift; path = MovieDatabaseModelController.swift; sourceTree = "<group>"; };
		68BD06772C53B3F100A43E4B /* MovieViewModel.swift */ = {isa = PBXFileReference; lastKnownFileType = sourcecode.swift; path = MovieViewModel.swift; sourceTree = "<group>"; };
		68BD067A2C53B44000A43E4B /* Movie.swift */ = {isa = PBXFileReference; lastKnownFileType = sourcecode.swift; path = Movie.swift; sourceTree = "<group>"; };
		68BD067E2C53B6DD00A43E4B /* MovieTableViewCell.swift */ = {isa = PBXFileReference; lastKnownFileType = sourcecode.swift; path = MovieTableViewCell.swift; sourceTree = "<group>"; };
		68BD067F2C53B6DD00A43E4B /* MovieTableViewCell.xib */ = {isa = PBXFileReference; lastKnownFileType = file.xib; path = MovieTableViewCell.xib; sourceTree = "<group>"; };
		68BD06822C53C20700A43E4B /* MovieFilterOptionTableViewCell.swift */ = {isa = PBXFileReference; lastKnownFileType = sourcecode.swift; path = MovieFilterOptionTableViewCell.swift; sourceTree = "<group>"; };
		68BD06832C53C20700A43E4B /* MovieFilterOptionTableViewCell.xib */ = {isa = PBXFileReference; lastKnownFileType = file.xib; path = MovieFilterOptionTableViewCell.xib; sourceTree = "<group>"; };
		68BD06862C53C74400A43E4B /* MovieSectionHeaderView.swift */ = {isa = PBXFileReference; lastKnownFileType = sourcecode.swift; path = MovieSectionHeaderView.swift; sourceTree = "<group>"; };
		68BD068A2C53E28300A43E4B /* MovieSectionHeaderView.xib */ = {isa = PBXFileReference; fileEncoding = 4; lastKnownFileType = file.xib; path = MovieSectionHeaderView.xib; sourceTree = "<group>"; };
		68F424C82C542ECF00B6D73A /* String+Additions.swift */ = {isa = PBXFileReference; lastKnownFileType = sourcecode.swift; path = "String+Additions.swift"; sourceTree = "<group>"; };
		68F424D02C54389900B6D73A /* MovieListViewController.swift */ = {isa = PBXFileReference; lastKnownFileType = sourcecode.swift; path = MovieListViewController.swift; sourceTree = "<group>"; };
		68F424D12C54389900B6D73A /* MovieListViewController.xib */ = {isa = PBXFileReference; lastKnownFileType = file.xib; path = MovieListViewController.xib; sourceTree = "<group>"; };
		68F424D42C5438B600B6D73A /* MovieListModelController.swift */ = {isa = PBXFileReference; lastKnownFileType = sourcecode.swift; path = MovieListModelController.swift; sourceTree = "<group>"; };
		68F424D62C543AC400B6D73A /* NSObject+Additions.swift */ = {isa = PBXFileReference; lastKnownFileType = sourcecode.swift; path = "NSObject+Additions.swift"; sourceTree = "<group>"; };
		68F424DB2C5445AB00B6D73A /* MovieDetailsViewController.swift */ = {isa = PBXFileReference; lastKnownFileType = sourcecode.swift; path = MovieDetailsViewController.swift; sourceTree = "<group>"; };
		68F424DC2C5445AB00B6D73A /* MovieDetailsViewController.xib */ = {isa = PBXFileReference; lastKnownFileType = file.xib; path = MovieDetailsViewController.xib; sourceTree = "<group>"; };
		68F424DF2C54519900B6D73A /* UIImageView+Additions.swift */ = {isa = PBXFileReference; lastKnownFileType = sourcecode.swift; path = "UIImageView+Additions.swift"; sourceTree = "<group>"; };
		68F424E12C54593200B6D73A /* MovieDatabaseDelegate.swift */ = {isa = PBXFileReference; lastKnownFileType = sourcecode.swift; path = MovieDatabaseDelegate.swift; sourceTree = "<group>"; };
		68F424E32C545AB000B6D73A /* RatingView.swift */ = {isa = PBXFileReference; lastKnownFileType = sourcecode.swift; path = RatingView.swift; sourceTree = "<group>"; };
/* End PBXFileReference section */

/* Begin PBXFrameworksBuildPhase section */
		68BD06382C53B02900A43E4B /* Frameworks */ = {
			isa = PBXFrameworksBuildPhase;
			buildActionMask = 2147483647;
			files = (
			);
			runOnlyForDeploymentPostprocessing = 0;
		};
		68BD064E2C53B02F00A43E4B /* Frameworks */ = {
			isa = PBXFrameworksBuildPhase;
			buildActionMask = 2147483647;
			files = (
			);
			runOnlyForDeploymentPostprocessing = 0;
		};
		68BD06582C53B02F00A43E4B /* Frameworks */ = {
			isa = PBXFrameworksBuildPhase;
			buildActionMask = 2147483647;
			files = (
			);
			runOnlyForDeploymentPostprocessing = 0;
		};
/* End PBXFrameworksBuildPhase section */

/* Begin PBXGroup section */
		6891A2EB2C55070200450EC4 /* MovieDetials */ = {
			isa = PBXGroup;
			children = (
				68F424DC2C5445AB00B6D73A /* MovieDetailsViewController.xib */,
			);
			path = MovieDetials;
			sourceTree = "<group>";
		};
		6891A2EC2C550AB000450EC4 /* NetworkService */ = {
			isa = PBXGroup;
			children = (
				6891A2ED2C550ADD00450EC4 /* MovieDatabaseNetworkService.swift */,
			);
			path = NetworkService;
			sourceTree = "<group>";
		};
		68BD06322C53B02900A43E4B = {
			isa = PBXGroup;
			children = (
				68BD063D2C53B02900A43E4B /* MovieDatabase */,
				68BD06542C53B02F00A43E4B /* MovieDatabaseTests */,
				68BD065E2C53B02F00A43E4B /* MovieDatabaseUITests */,
				68BD063C2C53B02900A43E4B /* Products */,
			);
			sourceTree = "<group>";
		};
		68BD063C2C53B02900A43E4B /* Products */ = {
			isa = PBXGroup;
			children = (
				68BD063B2C53B02900A43E4B /* MovieDatabase.app */,
				68BD06512C53B02F00A43E4B /* MovieDatabaseTests.xctest */,
				68BD065B2C53B02F00A43E4B /* MovieDatabaseUITests.xctest */,
			);
			name = Products;
			sourceTree = "<group>";
		};
		68BD063D2C53B02900A43E4B /* MovieDatabase */ = {
			isa = PBXGroup;
			children = (
				68BD066E2C53B05000A43E4B /* ViewController */,
				68BD067C2C53B6AB00A43E4B /* View */,
				68BD067D2C53B6B400A43E4B /* Xib */,
				68BD06792C53B40C00A43E4B /* Model */,
				68BD06762C53B3E100A43E4B /* ViewModel */,
				6891A2EC2C550AB000450EC4 /* NetworkService */,
				68F424C72C542EB800B6D73A /* Extensions */,
				68BD063E2C53B02900A43E4B /* AppDelegate.swift */,
				68BD06402C53B02900A43E4B /* SceneDelegate.swift */,
				68BD06442C53B02900A43E4B /* Main.storyboard */,
				68BD06712C53B0F400A43E4B /* Resource */,
				68BD06472C53B02E00A43E4B /* Assets.xcassets */,
				68BD06492C53B02E00A43E4B /* LaunchScreen.storyboard */,
				68BD064C2C53B02E00A43E4B /* Info.plist */,
			);
			path = MovieDatabase;
			sourceTree = "<group>";
		};
		68BD06542C53B02F00A43E4B /* MovieDatabaseTests */ = {
			isa = PBXGroup;
			children = (
				68BD06552C53B02F00A43E4B /* MovieDatabaseTests.swift */,
			);
			path = MovieDatabaseTests;
			sourceTree = "<group>";
		};
		68BD065E2C53B02F00A43E4B /* MovieDatabaseUITests */ = {
			isa = PBXGroup;
			children = (
				68BD065F2C53B02F00A43E4B /* MovieDatabaseUITests.swift */,
				68BD06612C53B02F00A43E4B /* MovieDatabaseUITestsLaunchTests.swift */,
			);
			path = MovieDatabaseUITests;
			sourceTree = "<group>";
		};
		68BD066E2C53B05000A43E4B /* ViewController */ = {
			isa = PBXGroup;
			children = (
				68F424CA2C54376E00B6D73A /* MovieDatabase */,
				68F424DA2C54458700B6D73A /* MovieDetails */,
				68F424CB2C54379000B6D73A /* MovieList */,
			);
			path = ViewController;
			sourceTree = "<group>";
		};
		68BD06712C53B0F400A43E4B /* Resource */ = {
			isa = PBXGroup;
			children = (
				68BD06722C53B13500A43E4B /* movies.json */,
			);
			path = Resource;
			sourceTree = "<group>";
		};
		68BD06762C53B3E100A43E4B /* ViewModel */ = {
			isa = PBXGroup;
			children = (
				68BD06772C53B3F100A43E4B /* MovieViewModel.swift */,
			);
			path = ViewModel;
			sourceTree = "<group>";
		};
		68BD06792C53B40C00A43E4B /* Model */ = {
			isa = PBXGroup;
			children = (
				68BD067A2C53B44000A43E4B /* Movie.swift */,
				68F424E12C54593200B6D73A /* MovieDatabaseDelegate.swift */,
			);
			path = Model;
			sourceTree = "<group>";
		};
		68BD067C2C53B6AB00A43E4B /* View */ = {
			isa = PBXGroup;
			children = (
				68BD067E2C53B6DD00A43E4B /* MovieTableViewCell.swift */,
				68BD06822C53C20700A43E4B /* MovieFilterOptionTableViewCell.swift */,
				68BD06862C53C74400A43E4B /* MovieSectionHeaderView.swift */,
				68F424E32C545AB000B6D73A /* RatingView.swift */,
			);
			path = View;
			sourceTree = "<group>";
		};
		68BD067D2C53B6B400A43E4B /* Xib */ = {
			isa = PBXGroup;
			children = (
				6891A2EB2C55070200450EC4 /* MovieDetials */,
				68F424D92C54456500B6D73A /* MovieList */,
				68F424D82C54455100B6D73A /* MovieDatabase */,
			);
			path = Xib;
			sourceTree = "<group>";
		};
		68F424C72C542EB800B6D73A /* Extensions */ = {
			isa = PBXGroup;
			children = (
				68F424C82C542ECF00B6D73A /* String+Additions.swift */,
				68F424D62C543AC400B6D73A /* NSObject+Additions.swift */,
				68F424DF2C54519900B6D73A /* UIImageView+Additions.swift */,
				6891A2EF2C5510E100450EC4 /* UIViewController+Additions.swift */,
			);
			path = Extensions;
			sourceTree = "<group>";
		};
		68F424CA2C54376E00B6D73A /* MovieDatabase */ = {
			isa = PBXGroup;
			children = (
				68BD066F2C53B08000A43E4B /* MovieDatabaseViewController.swift */,
				68BD06742C53B25D00A43E4B /* MovieDatabaseModelController.swift */,
			);
			path = MovieDatabase;
			sourceTree = "<group>";
		};
		68F424CB2C54379000B6D73A /* MovieList */ = {
			isa = PBXGroup;
			children = (
				68F424D02C54389900B6D73A /* MovieListViewController.swift */,
				68F424D42C5438B600B6D73A /* MovieListModelController.swift */,
			);
			path = MovieList;
			sourceTree = "<group>";
		};
		68F424D82C54455100B6D73A /* MovieDatabase */ = {
			isa = PBXGroup;
			children = (
				68BD068A2C53E28300A43E4B /* MovieSectionHeaderView.xib */,
				68BD067F2C53B6DD00A43E4B /* MovieTableViewCell.xib */,
				68BD06832C53C20700A43E4B /* MovieFilterOptionTableViewCell.xib */,
			);
			path = MovieDatabase;
			sourceTree = "<group>";
		};
		68F424D92C54456500B6D73A /* MovieList */ = {
			isa = PBXGroup;
			children = (
				68F424D12C54389900B6D73A /* MovieListViewController.xib */,
			);
			path = MovieList;
			sourceTree = "<group>";
		};
		68F424DA2C54458700B6D73A /* MovieDetails */ = {
			isa = PBXGroup;
			children = (
				68F424DB2C5445AB00B6D73A /* MovieDetailsViewController.swift */,
			);
			path = MovieDetails;
			sourceTree = "<group>";
		};
/* End PBXGroup section */

/* Begin PBXNativeTarget section */
		68BD063A2C53B02900A43E4B /* MovieDatabase */ = {
			isa = PBXNativeTarget;
			buildConfigurationList = 68BD06652C53B02F00A43E4B /* Build configuration list for PBXNativeTarget "MovieDatabase" */;
			buildPhases = (
				68BD06372C53B02900A43E4B /* Sources */,
				68BD06382C53B02900A43E4B /* Frameworks */,
				68BD06392C53B02900A43E4B /* Resources */,
			);
			buildRules = (
			);
			dependencies = (
			);
			name = MovieDatabase;
			productName = MovieDatabase;
			productReference = 68BD063B2C53B02900A43E4B /* MovieDatabase.app */;
			productType = "com.apple.product-type.application";
		};
		68BD06502C53B02F00A43E4B /* MovieDatabaseTests */ = {
			isa = PBXNativeTarget;
			buildConfigurationList = 68BD06682C53B02F00A43E4B /* Build configuration list for PBXNativeTarget "MovieDatabaseTests" */;
			buildPhases = (
				68BD064D2C53B02F00A43E4B /* Sources */,
				68BD064E2C53B02F00A43E4B /* Frameworks */,
				68BD064F2C53B02F00A43E4B /* Resources */,
			);
			buildRules = (
			);
			dependencies = (
				68BD06532C53B02F00A43E4B /* PBXTargetDependency */,
			);
			name = MovieDatabaseTests;
			productName = MovieDatabaseTests;
			productReference = 68BD06512C53B02F00A43E4B /* MovieDatabaseTests.xctest */;
			productType = "com.apple.product-type.bundle.unit-test";
		};
		68BD065A2C53B02F00A43E4B /* MovieDatabaseUITests */ = {
			isa = PBXNativeTarget;
			buildConfigurationList = 68BD066B2C53B02F00A43E4B /* Build configuration list for PBXNativeTarget "MovieDatabaseUITests" */;
			buildPhases = (
				68BD06572C53B02F00A43E4B /* Sources */,
				68BD06582C53B02F00A43E4B /* Frameworks */,
				68BD06592C53B02F00A43E4B /* Resources */,
			);
			buildRules = (
			);
			dependencies = (
				68BD065D2C53B02F00A43E4B /* PBXTargetDependency */,
			);
			name = MovieDatabaseUITests;
			productName = MovieDatabaseUITests;
			productReference = 68BD065B2C53B02F00A43E4B /* MovieDatabaseUITests.xctest */;
			productType = "com.apple.product-type.bundle.ui-testing";
		};
/* End PBXNativeTarget section */

/* Begin PBXProject section */
		68BD06332C53B02900A43E4B /* Project object */ = {
			isa = PBXProject;
			attributes = {
				BuildIndependentTargetsInParallel = 1;
				LastSwiftUpdateCheck = 1530;
				LastUpgradeCheck = 1530;
				TargetAttributes = {
					68BD063A2C53B02900A43E4B = {
						CreatedOnToolsVersion = 15.3;
					};
					68BD06502C53B02F00A43E4B = {
						CreatedOnToolsVersion = 15.3;
						TestTargetID = 68BD063A2C53B02900A43E4B;
					};
					68BD065A2C53B02F00A43E4B = {
						CreatedOnToolsVersion = 15.3;
						TestTargetID = 68BD063A2C53B02900A43E4B;
					};
				};
			};
			buildConfigurationList = 68BD06362C53B02900A43E4B /* Build configuration list for PBXProject "MovieDatabase" */;
			compatibilityVersion = "Xcode 14.0";
			developmentRegion = en;
			hasScannedForEncodings = 0;
			knownRegions = (
				en,
				Base,
			);
			mainGroup = 68BD06322C53B02900A43E4B;
			productRefGroup = 68BD063C2C53B02900A43E4B /* Products */;
			projectDirPath = "";
			projectRoot = "";
			targets = (
				68BD063A2C53B02900A43E4B /* MovieDatabase */,
				68BD06502C53B02F00A43E4B /* MovieDatabaseTests */,
				68BD065A2C53B02F00A43E4B /* MovieDatabaseUITests */,
			);
		};
/* End PBXProject section */

/* Begin PBXResourcesBuildPhase section */
		68BD06392C53B02900A43E4B /* Resources */ = {
			isa = PBXResourcesBuildPhase;
			buildActionMask = 2147483647;
			files = (
				68BD06732C53B19300A43E4B /* movies.json in Resources */,
				68BD06812C53B6DD00A43E4B /* MovieTableViewCell.xib in Resources */,
				68BD06482C53B02E00A43E4B /* Assets.xcassets in Resources */,
				68BD06852C53C20700A43E4B /* MovieFilterOptionTableViewCell.xib in Resources */,
				68BD064B2C53B02E00A43E4B /* Base in Resources */,
				68F424DE2C5445AB00B6D73A /* MovieDetailsViewController.xib in Resources */,
				68BD068B2C53E28400A43E4B /* MovieSectionHeaderView.xib in Resources */,
				68BD06462C53B02900A43E4B /* Base in Resources */,
				68F424D22C54389900B6D73A /* MovieListViewController.xib in Resources */,
			);
			runOnlyForDeploymentPostprocessing = 0;
		};
		68BD064F2C53B02F00A43E4B /* Resources */ = {
			isa = PBXResourcesBuildPhase;
			buildActionMask = 2147483647;
			files = (
			);
			runOnlyForDeploymentPostprocessing = 0;
		};
		68BD06592C53B02F00A43E4B /* Resources */ = {
			isa = PBXResourcesBuildPhase;
			buildActionMask = 2147483647;
			files = (
			);
			runOnlyForDeploymentPostprocessing = 0;
		};
/* End PBXResourcesBuildPhase section */

/* Begin PBXSourcesBuildPhase section */
		68BD06372C53B02900A43E4B /* Sources */ = {
			isa = PBXSourcesBuildPhase;
			buildActionMask = 2147483647;
			files = (
				68BD06702C53B08000A43E4B /* MovieDatabaseViewController.swift in Sources */,
				68BD06872C53C74400A43E4B /* MovieSectionHeaderView.swift in Sources */,
				68BD06842C53C20700A43E4B /* MovieFilterOptionTableViewCell.swift in Sources */,
				6891A2F02C5510E100450EC4 /* UIViewController+Additions.swift in Sources */,
				68BD06782C53B3F100A43E4B /* MovieViewModel.swift in Sources */,
				68BD06802C53B6DD00A43E4B /* MovieTableViewCell.swift in Sources */,
				68BD067B2C53B44000A43E4B /* Movie.swift in Sources */,
				68F424E22C54593200B6D73A /* MovieDatabaseDelegate.swift in Sources */,
				68F424D52C5438B600B6D73A /* MovieListModelController.swift in Sources */,
				68F424C92C542ECF00B6D73A /* String+Additions.swift in Sources */,
				68F424D32C54389900B6D73A /* MovieListViewController.swift in Sources */,
				68BD063F2C53B02900A43E4B /* AppDelegate.swift in Sources */,
				68F424E42C545AB000B6D73A /* RatingView.swift in Sources */,
				68F424D72C543AC500B6D73A /* NSObject+Additions.swift in Sources */,
				68BD06412C53B02900A43E4B /* SceneDelegate.swift in Sources */,
				6891A2EE2C550ADD00450EC4 /* MovieDatabaseNetworkService.swift in Sources */,
				68F424DD2C5445AB00B6D73A /* MovieDetailsViewController.swift in Sources */,
				68F424E02C54519900B6D73A /* UIImageView+Additions.swift in Sources */,
				68BD06752C53B25D00A43E4B /* MovieDatabaseModelController.swift in Sources */,
			);
			runOnlyForDeploymentPostprocessing = 0;
		};
		68BD064D2C53B02F00A43E4B /* Sources */ = {
			isa = PBXSourcesBuildPhase;
			buildActionMask = 2147483647;
			files = (
				68BD06562C53B02F00A43E4B /* MovieDatabaseTests.swift in Sources */,
			);
			runOnlyForDeploymentPostprocessing = 0;
		};
		68BD06572C53B02F00A43E4B /* Sources */ = {
			isa = PBXSourcesBuildPhase;
			buildActionMask = 2147483647;
			files = (
				68BD06622C53B02F00A43E4B /* MovieDatabaseUITestsLaunchTests.swift in Sources */,
				68BD06602C53B02F00A43E4B /* MovieDatabaseUITests.swift in Sources */,
			);
			runOnlyForDeploymentPostprocessing = 0;
		};
/* End PBXSourcesBuildPhase section */

/* Begin PBXTargetDependency section */
		68BD06532C53B02F00A43E4B /* PBXTargetDependency */ = {
			isa = PBXTargetDependency;
			target = 68BD063A2C53B02900A43E4B /* MovieDatabase */;
			targetProxy = 68BD06522C53B02F00A43E4B /* PBXContainerItemProxy */;
		};
		68BD065D2C53B02F00A43E4B /* PBXTargetDependency */ = {
			isa = PBXTargetDependency;
			target = 68BD063A2C53B02900A43E4B /* MovieDatabase */;
			targetProxy = 68BD065C2C53B02F00A43E4B /* PBXContainerItemProxy */;
		};
/* End PBXTargetDependency section */

/* Begin PBXVariantGroup section */
		68BD06442C53B02900A43E4B /* Main.storyboard */ = {
			isa = PBXVariantGroup;
			children = (
				68BD06452C53B02900A43E4B /* Base */,
			);
			name = Main.storyboard;
			sourceTree = "<group>";
		};
		68BD06492C53B02E00A43E4B /* LaunchScreen.storyboard */ = {
			isa = PBXVariantGroup;
			children = (
				68BD064A2C53B02E00A43E4B /* Base */,
			);
			name = LaunchScreen.storyboard;
			sourceTree = "<group>";
		};
/* End PBXVariantGroup section */

/* Begin XCBuildConfiguration section */
		68BD06632C53B02F00A43E4B /* Debug */ = {
			isa = XCBuildConfiguration;
			buildSettings = {
				ALWAYS_SEARCH_USER_PATHS = NO;
				ASSETCATALOG_COMPILER_GENERATE_SWIFT_ASSET_SYMBOL_EXTENSIONS = YES;
				CLANG_ANALYZER_NONNULL = YES;
				CLANG_ANALYZER_NUMBER_OBJECT_CONVERSION = YES_AGGRESSIVE;
				CLANG_CXX_LANGUAGE_STANDARD = "gnu++20";
				CLANG_ENABLE_MODULES = YES;
				CLANG_ENABLE_OBJC_ARC = YES;
				CLANG_ENABLE_OBJC_WEAK = YES;
				CLANG_WARN_BLOCK_CAPTURE_AUTORELEASING = YES;
				CLANG_WARN_BOOL_CONVERSION = YES;
				CLANG_WARN_COMMA = YES;
				CLANG_WARN_CONSTANT_CONVERSION = YES;
				CLANG_WARN_DEPRECATED_OBJC_IMPLEMENTATIONS = YES;
				CLANG_WARN_DIRECT_OBJC_ISA_USAGE = YES_ERROR;
				CLANG_WARN_DOCUMENTATION_COMMENTS = YES;
				CLANG_WARN_EMPTY_BODY = YES;
				CLANG_WARN_ENUM_CONVERSION = YES;
				CLANG_WARN_INFINITE_RECURSION = YES;
				CLANG_WARN_INT_CONVERSION = YES;
				CLANG_WARN_NON_LITERAL_NULL_CONVERSION = YES;
				CLANG_WARN_OBJC_IMPLICIT_RETAIN_SELF = YES;
				CLANG_WARN_OBJC_LITERAL_CONVERSION = YES;
				CLANG_WARN_OBJC_ROOT_CLASS = YES_ERROR;
				CLANG_WARN_QUOTED_INCLUDE_IN_FRAMEWORK_HEADER = YES;
				CLANG_WARN_RANGE_LOOP_ANALYSIS = YES;
				CLANG_WARN_STRICT_PROTOTYPES = YES;
				CLANG_WARN_SUSPICIOUS_MOVE = YES;
				CLANG_WARN_UNGUARDED_AVAILABILITY = YES_AGGRESSIVE;
				CLANG_WARN_UNREACHABLE_CODE = YES;
				CLANG_WARN__DUPLICATE_METHOD_MATCH = YES;
				COPY_PHASE_STRIP = NO;
				DEBUG_INFORMATION_FORMAT = dwarf;
				ENABLE_STRICT_OBJC_MSGSEND = YES;
				ENABLE_TESTABILITY = YES;
				ENABLE_USER_SCRIPT_SANDBOXING = YES;
				GCC_C_LANGUAGE_STANDARD = gnu17;
				GCC_DYNAMIC_NO_PIC = NO;
				GCC_NO_COMMON_BLOCKS = YES;
				GCC_OPTIMIZATION_LEVEL = 0;
				GCC_PREPROCESSOR_DEFINITIONS = (
					"DEBUG=1",
					"$(inherited)",
				);
				GCC_WARN_64_TO_32_BIT_CONVERSION = YES;
				GCC_WARN_ABOUT_RETURN_TYPE = YES_ERROR;
				GCC_WARN_UNDECLARED_SELECTOR = YES;
				GCC_WARN_UNINITIALIZED_AUTOS = YES_AGGRESSIVE;
				GCC_WARN_UNUSED_FUNCTION = YES;
				GCC_WARN_UNUSED_VARIABLE = YES;
				IPHONEOS_DEPLOYMENT_TARGET = 17.4;
				LOCALIZATION_PREFERS_STRING_CATALOGS = YES;
				MTL_ENABLE_DEBUG_INFO = INCLUDE_SOURCE;
				MTL_FAST_MATH = YES;
				ONLY_ACTIVE_ARCH = YES;
				SDKROOT = iphoneos;
				SWIFT_ACTIVE_COMPILATION_CONDITIONS = "DEBUG $(inherited)";
				SWIFT_OPTIMIZATION_LEVEL = "-Onone";
			};
			name = Debug;
		};
		68BD06642C53B02F00A43E4B /* Release */ = {
			isa = XCBuildConfiguration;
			buildSettings = {
				ALWAYS_SEARCH_USER_PATHS = NO;
				ASSETCATALOG_COMPILER_GENERATE_SWIFT_ASSET_SYMBOL_EXTENSIONS = YES;
				CLANG_ANALYZER_NONNULL = YES;
				CLANG_ANALYZER_NUMBER_OBJECT_CONVERSION = YES_AGGRESSIVE;
				CLANG_CXX_LANGUAGE_STANDARD = "gnu++20";
				CLANG_ENABLE_MODULES = YES;
				CLANG_ENABLE_OBJC_ARC = YES;
				CLANG_ENABLE_OBJC_WEAK = YES;
				CLANG_WARN_BLOCK_CAPTURE_AUTORELEASING = YES;
				CLANG_WARN_BOOL_CONVERSION = YES;
				CLANG_WARN_COMMA = YES;
				CLANG_WARN_CONSTANT_CONVERSION = YES;
				CLANG_WARN_DEPRECATED_OBJC_IMPLEMENTATIONS = YES;
				CLANG_WARN_DIRECT_OBJC_ISA_USAGE = YES_ERROR;
				CLANG_WARN_DOCUMENTATION_COMMENTS = YES;
				CLANG_WARN_EMPTY_BODY = YES;
				CLANG_WARN_ENUM_CONVERSION = YES;
				CLANG_WARN_INFINITE_RECURSION = YES;
				CLANG_WARN_INT_CONVERSION = YES;
				CLANG_WARN_NON_LITERAL_NULL_CONVERSION = YES;
				CLANG_WARN_OBJC_IMPLICIT_RETAIN_SELF = YES;
				CLANG_WARN_OBJC_LITERAL_CONVERSION = YES;
				CLANG_WARN_OBJC_ROOT_CLASS = YES_ERROR;
				CLANG_WARN_QUOTED_INCLUDE_IN_FRAMEWORK_HEADER = YES;
				CLANG_WARN_RANGE_LOOP_ANALYSIS = YES;
				CLANG_WARN_STRICT_PROTOTYPES = YES;
				CLANG_WARN_SUSPICIOUS_MOVE = YES;
				CLANG_WARN_UNGUARDED_AVAILABILITY = YES_AGGRESSIVE;
				CLANG_WARN_UNREACHABLE_CODE = YES;
				CLANG_WARN__DUPLICATE_METHOD_MATCH = YES;
				COPY_PHASE_STRIP = NO;
				DEBUG_INFORMATION_FORMAT = "dwarf-with-dsym";
				ENABLE_NS_ASSERTIONS = NO;
				ENABLE_STRICT_OBJC_MSGSEND = YES;
				ENABLE_USER_SCRIPT_SANDBOXING = YES;
				GCC_C_LANGUAGE_STANDARD = gnu17;
				GCC_NO_COMMON_BLOCKS = YES;
				GCC_WARN_64_TO_32_BIT_CONVERSION = YES;
				GCC_WARN_ABOUT_RETURN_TYPE = YES_ERROR;
				GCC_WARN_UNDECLARED_SELECTOR = YES;
				GCC_WARN_UNINITIALIZED_AUTOS = YES_AGGRESSIVE;
				GCC_WARN_UNUSED_FUNCTION = YES;
				GCC_WARN_UNUSED_VARIABLE = YES;
				IPHONEOS_DEPLOYMENT_TARGET = 17.4;
				LOCALIZATION_PREFERS_STRING_CATALOGS = YES;
				MTL_ENABLE_DEBUG_INFO = NO;
				MTL_FAST_MATH = YES;
				SDKROOT = iphoneos;
				SWIFT_COMPILATION_MODE = wholemodule;
				VALIDATE_PRODUCT = YES;
			};
			name = Release;
		};
		68BD06662C53B02F00A43E4B /* Debug */ = {
			isa = XCBuildConfiguration;
			buildSettings = {
				ASSETCATALOG_COMPILER_APPICON_NAME = AppIcon;
				ASSETCATALOG_COMPILER_GLOBAL_ACCENT_COLOR_NAME = AccentColor;
				CODE_SIGN_STYLE = Automatic;
				CURRENT_PROJECT_VERSION = 1;
				DEVELOPMENT_TEAM = DJM66TBQLY;
				GENERATE_INFOPLIST_FILE = YES;
				INFOPLIST_FILE = MovieDatabase/Info.plist;
				INFOPLIST_KEY_UIApplicationSupportsIndirectInputEvents = YES;
				INFOPLIST_KEY_UILaunchStoryboardName = LaunchScreen;
				INFOPLIST_KEY_UIMainStoryboardFile = Main;
				INFOPLIST_KEY_UISupportedInterfaceOrientations_iPad = "UIInterfaceOrientationPortrait UIInterfaceOrientationPortraitUpsideDown UIInterfaceOrientationLandscapeLeft UIInterfaceOrientationLandscapeRight";
				INFOPLIST_KEY_UISupportedInterfaceOrientations_iPhone = "UIInterfaceOrientationPortrait UIInterfaceOrientationLandscapeLeft UIInterfaceOrientationLandscapeRight";
				IPHONEOS_DEPLOYMENT_TARGET = 15.0;
				LD_RUNPATH_SEARCH_PATHS = (
					"$(inherited)",
					"@executable_path/Frameworks",
				);
				MARKETING_VERSION = 1.0;
				PRODUCT_BUNDLE_IDENTIFIER = com.movie.MovieDatabase;
				PRODUCT_NAME = "$(TARGET_NAME)";
				SWIFT_EMIT_LOC_STRINGS = YES;
				SWIFT_VERSION = 5.0;
				TARGETED_DEVICE_FAMILY = "1,2";
			};
			name = Debug;
		};
		68BD06672C53B02F00A43E4B /* Release */ = {
			isa = XCBuildConfiguration;
			buildSettings = {
				ASSETCATALOG_COMPILER_APPICON_NAME = AppIcon;
				ASSETCATALOG_COMPILER_GLOBAL_ACCENT_COLOR_NAME = AccentColor;
				CODE_SIGN_STYLE = Automatic;
				CURRENT_PROJECT_VERSION = 1;
				DEVELOPMENT_TEAM = DJM66TBQLY;
				GENERATE_INFOPLIST_FILE = YES;
				INFOPLIST_FILE = MovieDatabase/Info.plist;
				INFOPLIST_KEY_UIApplicationSupportsIndirectInputEvents = YES;
				INFOPLIST_KEY_UILaunchStoryboardName = LaunchScreen;
				INFOPLIST_KEY_UIMainStoryboardFile = Main;
				INFOPLIST_KEY_UISupportedInterfaceOrientations_iPad = "UIInterfaceOrientationPortrait UIInterfaceOrientationPortraitUpsideDown UIInterfaceOrientationLandscapeLeft UIInterfaceOrientationLandscapeRight";
				INFOPLIST_KEY_UISupportedInterfaceOrientations_iPhone = "UIInterfaceOrientationPortrait UIInterfaceOrientationLandscapeLeft UIInterfaceOrientationLandscapeRight";
				IPHONEOS_DEPLOYMENT_TARGET = 15.0;
				LD_RUNPATH_SEARCH_PATHS = (
					"$(inherited)",
					"@executable_path/Frameworks",
				);
				MARKETING_VERSION = 1.0;
				PRODUCT_BUNDLE_IDENTIFIER = com.movie.MovieDatabase;
				PRODUCT_NAME = "$(TARGET_NAME)";
				SWIFT_EMIT_LOC_STRINGS = YES;
				SWIFT_VERSION = 5.0;
				TARGETED_DEVICE_FAMILY = "1,2";
			};
			name = Release;
		};
		68BD06692C53B02F00A43E4B /* Debug */ = {
			isa = XCBuildConfiguration;
			buildSettings = {
				ALWAYS_EMBED_SWIFT_STANDARD_LIBRARIES = YES;
				BUNDLE_LOADER = "$(TEST_HOST)";
				CODE_SIGN_STYLE = Automatic;
				CURRENT_PROJECT_VERSION = 1;
				DEVELOPMENT_TEAM = DJM66TBQLY;
				GENERATE_INFOPLIST_FILE = YES;
				IPHONEOS_DEPLOYMENT_TARGET = 17.4;
				MARKETING_VERSION = 1.0;
				PRODUCT_BUNDLE_IDENTIFIER = com.movie.MovieDatabaseTests;
				PRODUCT_NAME = "$(TARGET_NAME)";
				SWIFT_EMIT_LOC_STRINGS = NO;
				SWIFT_VERSION = 5.0;
				TARGETED_DEVICE_FAMILY = "1,2";
				TEST_HOST = "$(BUILT_PRODUCTS_DIR)/MovieDatabase.app/$(BUNDLE_EXECUTABLE_FOLDER_PATH)/MovieDatabase";
			};
			name = Debug;
		};
		68BD066A2C53B02F00A43E4B /* Release */ = {
			isa = XCBuildConfiguration;
			buildSettings = {
				ALWAYS_EMBED_SWIFT_STANDARD_LIBRARIES = YES;
				BUNDLE_LOADER = "$(TEST_HOST)";
				CODE_SIGN_STYLE = Automatic;
				CURRENT_PROJECT_VERSION = 1;
				DEVELOPMENT_TEAM = DJM66TBQLY;
				GENERATE_INFOPLIST_FILE = YES;
				IPHONEOS_DEPLOYMENT_TARGET = 17.4;
				MARKETING_VERSION = 1.0;
				PRODUCT_BUNDLE_IDENTIFIER = com.movie.MovieDatabaseTests;
				PRODUCT_NAME = "$(TARGET_NAME)";
				SWIFT_EMIT_LOC_STRINGS = NO;
				SWIFT_VERSION = 5.0;
				TARGETED_DEVICE_FAMILY = "1,2";
				TEST_HOST = "$(BUILT_PRODUCTS_DIR)/MovieDatabase.app/$(BUNDLE_EXECUTABLE_FOLDER_PATH)/MovieDatabase";
			};
			name = Release;
		};
		68BD066C2C53B02F00A43E4B /* Debug */ = {
			isa = XCBuildConfiguration;
			buildSettings = {
				ALWAYS_EMBED_SWIFT_STANDARD_LIBRARIES = YES;
				CODE_SIGN_STYLE = Automatic;
				CURRENT_PROJECT_VERSION = 1;
				DEVELOPMENT_TEAM = DJM66TBQLY;
				GENERATE_INFOPLIST_FILE = YES;
				MARKETING_VERSION = 1.0;
				PRODUCT_BUNDLE_IDENTIFIER = com.movie.MovieDatabaseUITests;
				PRODUCT_NAME = "$(TARGET_NAME)";
				SWIFT_EMIT_LOC_STRINGS = NO;
				SWIFT_VERSION = 5.0;
				TARGETED_DEVICE_FAMILY = "1,2";
				TEST_TARGET_NAME = MovieDatabase;
			};
			name = Debug;
		};
		68BD066D2C53B02F00A43E4B /* Release */ = {
			isa = XCBuildConfiguration;
			buildSettings = {
				ALWAYS_EMBED_SWIFT_STANDARD_LIBRARIES = YES;
				CODE_SIGN_STYLE = Automatic;
				CURRENT_PROJECT_VERSION = 1;
				DEVELOPMENT_TEAM = DJM66TBQLY;
				GENERATE_INFOPLIST_FILE = YES;
				MARKETING_VERSION = 1.0;
				PRODUCT_BUNDLE_IDENTIFIER = com.movie.MovieDatabaseUITests;
				PRODUCT_NAME = "$(TARGET_NAME)";
				SWIFT_EMIT_LOC_STRINGS = NO;
				SWIFT_VERSION = 5.0;
				TARGETED_DEVICE_FAMILY = "1,2";
				TEST_TARGET_NAME = MovieDatabase;
			};
			name = Release;
		};
/* End XCBuildConfiguration section */

/* Begin XCConfigurationList section */
		68BD06362C53B02900A43E4B /* Build configuration list for PBXProject "MovieDatabase" */ = {
			isa = XCConfigurationList;
			buildConfigurations = (
				68BD06632C53B02F00A43E4B /* Debug */,
				68BD06642C53B02F00A43E4B /* Release */,
			);
			defaultConfigurationIsVisible = 0;
			defaultConfigurationName = Release;
		};
		68BD06652C53B02F00A43E4B /* Build configuration list for PBXNativeTarget "MovieDatabase" */ = {
			isa = XCConfigurationList;
			buildConfigurations = (
				68BD06662C53B02F00A43E4B /* Debug */,
				68BD06672C53B02F00A43E4B /* Release */,
			);
			defaultConfigurationIsVisible = 0;
			defaultConfigurationName = Release;
		};
		68BD06682C53B02F00A43E4B /* Build configuration list for PBXNativeTarget "MovieDatabaseTests" */ = {
			isa = XCConfigurationList;
			buildConfigurations = (
				68BD06692C53B02F00A43E4B /* Debug */,
				68BD066A2C53B02F00A43E4B /* Release */,
			);
			defaultConfigurationIsVisible = 0;
			defaultConfigurationName = Release;
		};
		68BD066B2C53B02F00A43E4B /* Build configuration list for PBXNativeTarget "MovieDatabaseUITests" */ = {
			isa = XCConfigurationList;
			buildConfigurations = (
				68BD066C2C53B02F00A43E4B /* Debug */,
				68BD066D2C53B02F00A43E4B /* Release */,
			);
			defaultConfigurationIsVisible = 0;
			defaultConfigurationName = Release;
		};
/* End XCConfigurationList section */
	};
	rootObject = 68BD06332C53B02900A43E4B /* Project object */;
}
